// !$*UTF8*$!
{
	archiveVersion = 1;
	classes = {
	};
	objectVersion = 50;
	objects = {

/* Begin PBXBuildFile section */
		350503C5209BF25B004B4DCC /* Person.swift in Sources */ = {isa = PBXBuildFile; fileRef = 350503C1209BF25B004B4DCC /* Person.swift */; };
		350503C6209BF25B004B4DCC /* Helpers.swift in Sources */ = {isa = PBXBuildFile; fileRef = 350503C2209BF25B004B4DCC /* Helpers.swift */; };
		350503C7209BF25B004B4DCC /* Util.swift in Sources */ = {isa = PBXBuildFile; fileRef = 350503C3209BF25B004B4DCC /* Util.swift */; };
		350503C8209BF25B004B4DCC /* Article.swift in Sources */ = {isa = PBXBuildFile; fileRef = 350503C4209BF25B004B4DCC /* Article.swift */; };
		350503CA209BF289004B4DCC /* ImageLoader.swift in Sources */ = {isa = PBXBuildFile; fileRef = 350503C9209BF289004B4DCC /* ImageLoader.swift */; };
		350503CC209BF973004B4DCC /* TestViewController.swift in Sources */ = {isa = PBXBuildFile; fileRef = 350503CB209BF973004B4DCC /* TestViewController.swift */; };
		354E45EB209A98B3004A9460 /* AppDelegate.swift in Sources */ = {isa = PBXBuildFile; fileRef = 354E45EA209A98B3004A9460 /* AppDelegate.swift */; };
		354E45ED209A98B3004A9460 /* ViewController.swift in Sources */ = {isa = PBXBuildFile; fileRef = 354E45EC209A98B3004A9460 /* ViewController.swift */; };
		354E45F0209A98B3004A9460 /* Main.storyboard in Resources */ = {isa = PBXBuildFile; fileRef = 354E45EE209A98B3004A9460 /* Main.storyboard */; };
		354E45F2209A98B4004A9460 /* Assets.xcassets in Resources */ = {isa = PBXBuildFile; fileRef = 354E45F1209A98B4004A9460 /* Assets.xcassets */; };
		354E45F5209A98B4004A9460 /* LaunchScreen.storyboard in Resources */ = {isa = PBXBuildFile; fileRef = 354E45F3209A98B4004A9460 /* LaunchScreen.storyboard */; };
		35C5F4EC209B13C9008E8B6A /* MessageExhibitionCell.swift in Sources */ = {isa = PBXBuildFile; fileRef = 35C5F4E9209B13C8008E8B6A /* MessageExhibitionCell.swift */; };
		35C5F4ED209B13C9008E8B6A /* MessageExhibitionHeaderView.swift in Sources */ = {isa = PBXBuildFile; fileRef = 35C5F4EA209B13C9008E8B6A /* MessageExhibitionHeaderView.swift */; };
		35C5F4EE209B13C9008E8B6A /* DataAPI.swift in Sources */ = {isa = PBXBuildFile; fileRef = 35C5F4EB209B13C9008E8B6A /* DataAPI.swift */; };
		35C5F4F0209B1A24008E8B6A /* MessageExhibitionCell.xib in Resources */ = {isa = PBXBuildFile; fileRef = 35C5F4EF209B1A24008E8B6A /* MessageExhibitionCell.xib */; };
		35C5F4F2209B1A73008E8B6A /* MessageExhibitionHeaderView.xib in Resources */ = {isa = PBXBuildFile; fileRef = 35C5F4F1209B1A73008E8B6A /* MessageExhibitionHeaderView.xib */; };
		728039B92CEECCED57461AA6 /* Pods_BlankRealm.framework in Frameworks */ = {isa = PBXBuildFile; fileRef = 61464EA7287C109766F3F083 /* Pods_BlankRealm.framework */; };
/* End PBXBuildFile section */

/* Begin PBXFileReference section */
		350503C1209BF25B004B4DCC /* Person.swift */ = {isa = PBXFileReference; fileEncoding = 4; lastKnownFileType = sourcecode.swift; path = Person.swift; sourceTree = "<group>"; };
		350503C2209BF25B004B4DCC /* Helpers.swift */ = {isa = PBXFileReference; fileEncoding = 4; lastKnownFileType = sourcecode.swift; path = Helpers.swift; sourceTree = "<group>"; };
		350503C3209BF25B004B4DCC /* Util.swift */ = {isa = PBXFileReference; fileEncoding = 4; lastKnownFileType = sourcecode.swift; path = Util.swift; sourceTree = "<group>"; };
		350503C4209BF25B004B4DCC /* Article.swift */ = {isa = PBXFileReference; fileEncoding = 4; lastKnownFileType = sourcecode.swift; path = Article.swift; sourceTree = "<group>"; };
		350503C9209BF289004B4DCC /* ImageLoader.swift */ = {isa = PBXFileReference; lastKnownFileType = sourcecode.swift; path = ImageLoader.swift; sourceTree = "<group>"; };
		350503CB209BF973004B4DCC /* TestViewController.swift */ = {isa = PBXFileReference; lastKnownFileType = sourcecode.swift; path = TestViewController.swift; sourceTree = "<group>"; };
		354E45E7209A98B3004A9460 /* BlankRealm.app */ = {isa = PBXFileReference; explicitFileType = wrapper.application; includeInIndex = 0; path = BlankRealm.app; sourceTree = BUILT_PRODUCTS_DIR; };
		354E45EA209A98B3004A9460 /* AppDelegate.swift */ = {isa = PBXFileReference; lastKnownFileType = sourcecode.swift; path = AppDelegate.swift; sourceTree = "<group>"; };
		354E45EC209A98B3004A9460 /* ViewController.swift */ = {isa = PBXFileReference; lastKnownFileType = sourcecode.swift; path = ViewController.swift; sourceTree = "<group>"; };
		354E45EF209A98B3004A9460 /* Base */ = {isa = PBXFileReference; lastKnownFileType = file.storyboard; name = Base; path = Base.lproj/Main.storyboard; sourceTree = "<group>"; };
		354E45F1209A98B4004A9460 /* Assets.xcassets */ = {isa = PBXFileReference; lastKnownFileType = folder.assetcatalog; path = Assets.xcassets; sourceTree = "<group>"; };
		354E45F4209A98B4004A9460 /* Base */ = {isa = PBXFileReference; lastKnownFileType = file.storyboard; name = Base; path = Base.lproj/LaunchScreen.storyboard; sourceTree = "<group>"; };
		354E45F6209A98B4004A9460 /* Info.plist */ = {isa = PBXFileReference; lastKnownFileType = text.plist.xml; path = Info.plist; sourceTree = "<group>"; };
		35C5F4E9209B13C8008E8B6A /* MessageExhibitionCell.swift */ = {isa = PBXFileReference; fileEncoding = 4; lastKnownFileType = sourcecode.swift; path = MessageExhibitionCell.swift; sourceTree = "<group>"; };
		35C5F4EA209B13C9008E8B6A /* MessageExhibitionHeaderView.swift */ = {isa = PBXFileReference; fileEncoding = 4; lastKnownFileType = sourcecode.swift; path = MessageExhibitionHeaderView.swift; sourceTree = "<group>"; };
		35C5F4EB209B13C9008E8B6A /* DataAPI.swift */ = {isa = PBXFileReference; fileEncoding = 4; lastKnownFileType = sourcecode.swift; path = DataAPI.swift; sourceTree = "<group>"; };
		35C5F4EF209B1A24008E8B6A /* MessageExhibitionCell.xib */ = {isa = PBXFileReference; lastKnownFileType = file.xib; path = MessageExhibitionCell.xib; sourceTree = "<group>"; };
		35C5F4F1209B1A73008E8B6A /* MessageExhibitionHeaderView.xib */ = {isa = PBXFileReference; lastKnownFileType = file.xib; path = MessageExhibitionHeaderView.xib; sourceTree = "<group>"; };
		61464EA7287C109766F3F083 /* Pods_BlankRealm.framework */ = {isa = PBXFileReference; explicitFileType = wrapper.framework; includeInIndex = 0; path = Pods_BlankRealm.framework; sourceTree = BUILT_PRODUCTS_DIR; };
		D8ED9E70EC53CC3C7499848D /* Pods-BlankRealm.release.xcconfig */ = {isa = PBXFileReference; includeInIndex = 1; lastKnownFileType = text.xcconfig; name = "Pods-BlankRealm.release.xcconfig"; path = "Pods/Target Support Files/Pods-BlankRealm/Pods-BlankRealm.release.xcconfig"; sourceTree = "<group>"; };
		DC213B9B3278F9D697C4687B /* Pods-BlankRealm.debug.xcconfig */ = {isa = PBXFileReference; includeInIndex = 1; lastKnownFileType = text.xcconfig; name = "Pods-BlankRealm.debug.xcconfig"; path = "Pods/Target Support Files/Pods-BlankRealm/Pods-BlankRealm.debug.xcconfig"; sourceTree = "<group>"; };
/* End PBXFileReference section */

/* Begin PBXFrameworksBuildPhase section */
		354E45E4209A98B3004A9460 /* Frameworks */ = {
			isa = PBXFrameworksBuildPhase;
			buildActionMask = 2147483647;
			files = (
				728039B92CEECCED57461AA6 /* Pods_BlankRealm.framework in Frameworks */,
			);
			runOnlyForDeploymentPostprocessing = 0;
		};
/* End PBXFrameworksBuildPhase section */

/* Begin PBXGroup section */
		2EB745021E29C6E59CC9E350 /* Frameworks */ = {
			isa = PBXGroup;
			children = (
				61464EA7287C109766F3F083 /* Pods_BlankRealm.framework */,
			);
			name = Frameworks;
			sourceTree = "<group>";
		};
		350503C0209BF25B004B4DCC /* Sources */ = {
			isa = PBXGroup;
			children = (
				350503C1209BF25B004B4DCC /* Person.swift */,
				350503C2209BF25B004B4DCC /* Helpers.swift */,
				350503C3209BF25B004B4DCC /* Util.swift */,
				350503C4209BF25B004B4DCC /* Article.swift */,
			);
			name = Sources;
			path = ../../Sources;
			sourceTree = "<group>";
		};
		354E45DE209A98B3004A9460 = {
			isa = PBXGroup;
			children = (
				354E45E9209A98B3004A9460 /* BlankRealm */,
				354E45E8209A98B3004A9460 /* Products */,
				F21F07DC3C97330BCF620495 /* Pods */,
				2EB745021E29C6E59CC9E350 /* Frameworks */,
			);
			sourceTree = "<group>";
		};
		354E45E8209A98B3004A9460 /* Products */ = {
			isa = PBXGroup;
			children = (
				354E45E7209A98B3004A9460 /* BlankRealm.app */,
			);
			name = Products;
			sourceTree = "<group>";
		};
		354E45E9209A98B3004A9460 /* BlankRealm */ = {
			isa = PBXGroup;
			children = (
				354E45EA209A98B3004A9460 /* AppDelegate.swift */,
				354E45EC209A98B3004A9460 /* ViewController.swift */,
				350503CB209BF973004B4DCC /* TestViewController.swift */,
				354E45EE209A98B3004A9460 /* Main.storyboard */,
				354E45F1209A98B4004A9460 /* Assets.xcassets */,
				354E45F3209A98B4004A9460 /* LaunchScreen.storyboard */,
				354E45F6209A98B4004A9460 /* Info.plist */,
				35C5F4EB209B13C9008E8B6A /* DataAPI.swift */,
				35C5F4E9209B13C8008E8B6A /* MessageExhibitionCell.swift */,
				35C5F4EF209B1A24008E8B6A /* MessageExhibitionCell.xib */,
				35C5F4EA209B13C9008E8B6A /* MessageExhibitionHeaderView.swift */,
				35C5F4F1209B1A73008E8B6A /* MessageExhibitionHeaderView.xib */,
				350503C9209BF289004B4DCC /* ImageLoader.swift */,
				350503C0209BF25B004B4DCC /* Sources */,
			);
			path = BlankRealm;
			sourceTree = "<group>";
		};
		F21F07DC3C97330BCF620495 /* Pods */ = {
			isa = PBXGroup;
			children = (
				DC213B9B3278F9D697C4687B /* Pods-BlankRealm.debug.xcconfig */,
				D8ED9E70EC53CC3C7499848D /* Pods-BlankRealm.release.xcconfig */,
			);
			name = Pods;
			sourceTree = "<group>";
		};
/* End PBXGroup section */

/* Begin PBXNativeTarget section */
		354E45E6209A98B3004A9460 /* BlankRealm */ = {
			isa = PBXNativeTarget;
			buildConfigurationList = 354E45F9209A98B4004A9460 /* Build configuration list for PBXNativeTarget "BlankRealm" */;
			buildPhases = (
				65CA082103AA536E50318F8D /* [CP] Check Pods Manifest.lock */,
				354E45E3209A98B3004A9460 /* Sources */,
				354E45E4209A98B3004A9460 /* Frameworks */,
				354E45E5209A98B3004A9460 /* Resources */,
				2F7C42D7DB6C1021149C6E13 /* [CP] Embed Pods Frameworks */,
			);
			buildRules = (
			);
			dependencies = (
			);
			name = BlankRealm;
			productName = BlankRealm;
			productReference = 354E45E7209A98B3004A9460 /* BlankRealm.app */;
			productType = "com.apple.product-type.application";
		};
/* End PBXNativeTarget section */

/* Begin PBXProject section */
		354E45DF209A98B3004A9460 /* Project object */ = {
			isa = PBXProject;
			attributes = {
				LastSwiftUpdateCheck = 0930;
				LastUpgradeCheck = 0930;
				ORGANIZATIONNAME = moelove;
				TargetAttributes = {
					354E45E6209A98B3004A9460 = {
						CreatedOnToolsVersion = 9.3;
					};
				};
			};
			buildConfigurationList = 354E45E2209A98B3004A9460 /* Build configuration list for PBXProject "BlankRealm" */;
			compatibilityVersion = "Xcode 9.3";
			developmentRegion = en;
			hasScannedForEncodings = 0;
			knownRegions = (
				en,
				Base,
			);
			mainGroup = 354E45DE209A98B3004A9460;
			productRefGroup = 354E45E8209A98B3004A9460 /* Products */;
			projectDirPath = "";
			projectRoot = "";
			targets = (
				354E45E6209A98B3004A9460 /* BlankRealm */,
			);
		};
/* End PBXProject section */

/* Begin PBXResourcesBuildPhase section */
		354E45E5209A98B3004A9460 /* Resources */ = {
			isa = PBXResourcesBuildPhase;
			buildActionMask = 2147483647;
			files = (
				354E45F5209A98B4004A9460 /* LaunchScreen.storyboard in Resources */,
				354E45F2209A98B4004A9460 /* Assets.xcassets in Resources */,
				35C5F4F0209B1A24008E8B6A /* MessageExhibitionCell.xib in Resources */,
				35C5F4F2209B1A73008E8B6A /* MessageExhibitionHeaderView.xib in Resources */,
				354E45F0209A98B3004A9460 /* Main.storyboard in Resources */,
			);
			runOnlyForDeploymentPostprocessing = 0;
		};
/* End PBXResourcesBuildPhase section */

/* Begin PBXShellScriptBuildPhase section */
		2F7C42D7DB6C1021149C6E13 /* [CP] Embed Pods Frameworks */ = {
			isa = PBXShellScriptBuildPhase;
			buildActionMask = 2147483647;
			files = (
			);
			inputPaths = (
				"${SRCROOT}/Pods/Target Support Files/Pods-BlankRealm/Pods-BlankRealm-frameworks.sh",
				"${BUILT_PRODUCTS_DIR}/Realm/Realm.framework",
				"${BUILT_PRODUCTS_DIR}/RealmSwift/RealmSwift.framework",
			);
			name = "[CP] Embed Pods Frameworks";
			outputPaths = (
				"${TARGET_BUILD_DIR}/${FRAMEWORKS_FOLDER_PATH}/Realm.framework",
				"${TARGET_BUILD_DIR}/${FRAMEWORKS_FOLDER_PATH}/RealmSwift.framework",
			);
			runOnlyForDeploymentPostprocessing = 0;
			shellPath = /bin/sh;
			shellScript = "\"${SRCROOT}/Pods/Target Support Files/Pods-BlankRealm/Pods-BlankRealm-frameworks.sh\"\n";
			showEnvVarsInLog = 0;
		};
		65CA082103AA536E50318F8D /* [CP] Check Pods Manifest.lock */ = {
			isa = PBXShellScriptBuildPhase;
			buildActionMask = 2147483647;
			files = (
			);
			inputPaths = (
				"${PODS_PODFILE_DIR_PATH}/Podfile.lock",
				"${PODS_ROOT}/Manifest.lock",
			);
			name = "[CP] Check Pods Manifest.lock";
			outputPaths = (
				"$(DERIVED_FILE_DIR)/Pods-BlankRealm-checkManifestLockResult.txt",
			);
			runOnlyForDeploymentPostprocessing = 0;
			shellPath = /bin/sh;
			shellScript = "diff \"${PODS_PODFILE_DIR_PATH}/Podfile.lock\" \"${PODS_ROOT}/Manifest.lock\" > /dev/null\nif [ $? != 0 ] ; then\n    # print error to STDERR\n    echo \"error: The sandbox is not in sync with the Podfile.lock. Run 'pod install' or update your CocoaPods installation.\" >&2\n    exit 1\nfi\n# This output is used by Xcode 'outputs' to avoid re-running this script phase.\necho \"SUCCESS\" > \"${SCRIPT_OUTPUT_FILE_0}\"\n";
			showEnvVarsInLog = 0;
		};
/* End PBXShellScriptBuildPhase section */

/* Begin PBXSourcesBuildPhase section */
		354E45E3209A98B3004A9460 /* Sources */ = {
			isa = PBXSourcesBuildPhase;
			buildActionMask = 2147483647;
			files = (
				350503C5209BF25B004B4DCC /* Person.swift in Sources */,
				350503C6209BF25B004B4DCC /* Helpers.swift in Sources */,
				350503CC209BF973004B4DCC /* TestViewController.swift in Sources */,
				350503CA209BF289004B4DCC /* ImageLoader.swift in Sources */,
				350503C8209BF25B004B4DCC /* Article.swift in Sources */,
				35C5F4EC209B13C9008E8B6A /* MessageExhibitionCell.swift in Sources */,
				350503C7209BF25B004B4DCC /* Util.swift in Sources */,
				354E45ED209A98B3004A9460 /* ViewController.swift in Sources */,
				35C5F4ED209B13C9008E8B6A /* MessageExhibitionHeaderView.swift in Sources */,
				354E45EB209A98B3004A9460 /* AppDelegate.swift in Sources */,
				35C5F4EE209B13C9008E8B6A /* DataAPI.swift in Sources */,
			);
			runOnlyForDeploymentPostprocessing = 0;
		};
/* End PBXSourcesBuildPhase section */

/* Begin PBXVariantGroup section */
		354E45EE209A98B3004A9460 /* Main.storyboard */ = {
			isa = PBXVariantGroup;
			children = (
				354E45EF209A98B3004A9460 /* Base */,
			);
			name = Main.storyboard;
			sourceTree = "<group>";
		};
		354E45F3209A98B4004A9460 /* LaunchScreen.storyboard */ = {
			isa = PBXVariantGroup;
			children = (
				354E45F4209A98B4004A9460 /* Base */,
			);
			name = LaunchScreen.storyboard;
			sourceTree = "<group>";
		};
/* End PBXVariantGroup section */

/* Begin XCBuildConfiguration section */
		354E45F7209A98B4004A9460 /* Debug */ = {
			isa = XCBuildConfiguration;
			buildSettings = {
				ALWAYS_SEARCH_USER_PATHS = NO;
				CLANG_ANALYZER_NONNULL = YES;
				CLANG_ANALYZER_NUMBER_OBJECT_CONVERSION = YES_AGGRESSIVE;
				CLANG_CXX_LANGUAGE_STANDARD = "gnu++14";
				CLANG_CXX_LIBRARY = "libc++";
				CLANG_ENABLE_MODULES = YES;
				CLANG_ENABLE_OBJC_ARC = YES;
				CLANG_ENABLE_OBJC_WEAK = YES;
				CLANG_WARN_BLOCK_CAPTURE_AUTORELEASING = YES;
				CLANG_WARN_BOOL_CONVERSION = YES;
				CLANG_WARN_COMMA = YES;
				CLANG_WARN_CONSTANT_CONVERSION = YES;
				CLANG_WARN_DEPRECATED_OBJC_IMPLEMENTATIONS = YES;
				CLANG_WARN_DIRECT_OBJC_ISA_USAGE = YES_ERROR;
				CLANG_WARN_DOCUMENTATION_COMMENTS = YES;
				CLANG_WARN_EMPTY_BODY = YES;
				CLANG_WARN_ENUM_CONVERSION = YES;
				CLANG_WARN_INFINITE_RECURSION = YES;
				CLANG_WARN_INT_CONVERSION = YES;
				CLANG_WARN_NON_LITERAL_NULL_CONVERSION = YES;
				CLANG_WARN_OBJC_IMPLICIT_RETAIN_SELF = YES;
				CLANG_WARN_OBJC_LITERAL_CONVERSION = YES;
				CLANG_WARN_OBJC_ROOT_CLASS = YES_ERROR;
				CLANG_WARN_RANGE_LOOP_ANALYSIS = YES;
				CLANG_WARN_STRICT_PROTOTYPES = YES;
				CLANG_WARN_SUSPICIOUS_MOVE = YES;
				CLANG_WARN_UNGUARDED_AVAILABILITY = YES_AGGRESSIVE;
				CLANG_WARN_UNREACHABLE_CODE = YES;
				CLANG_WARN__DUPLICATE_METHOD_MATCH = YES;
				CODE_SIGN_IDENTITY = "iPhone Developer";
				COPY_PHASE_STRIP = NO;
				DEBUG_INFORMATION_FORMAT = dwarf;
				ENABLE_STRICT_OBJC_MSGSEND = YES;
				ENABLE_TESTABILITY = YES;
				GCC_C_LANGUAGE_STANDARD = gnu11;
				GCC_DYNAMIC_NO_PIC = NO;
				GCC_NO_COMMON_BLOCKS = YES;
				GCC_OPTIMIZATION_LEVEL = 0;
				GCC_PREPROCESSOR_DEFINITIONS = (
					"DEBUG=1",
					"$(inherited)",
				);
				GCC_WARN_64_TO_32_BIT_CONVERSION = YES;
				GCC_WARN_ABOUT_RETURN_TYPE = YES_ERROR;
				GCC_WARN_UNDECLARED_SELECTOR = YES;
				GCC_WARN_UNINITIALIZED_AUTOS = YES_AGGRESSIVE;
				GCC_WARN_UNUSED_FUNCTION = YES;
				GCC_WARN_UNUSED_VARIABLE = YES;
				IPHONEOS_DEPLOYMENT_TARGET = 9.0;
				MTL_ENABLE_DEBUG_INFO = YES;
				ONLY_ACTIVE_ARCH = YES;
				SDKROOT = iphoneos;
				SWIFT_ACTIVE_COMPILATION_CONDITIONS = DEBUG;
				SWIFT_OPTIMIZATION_LEVEL = "-Onone";
			};
			name = Debug;
		};
		354E45F8209A98B4004A9460 /* Release */ = {
			isa = XCBuildConfiguration;
			buildSettings = {
				ALWAYS_SEARCH_USER_PATHS = NO;
				CLANG_ANALYZER_NONNULL = YES;
				CLANG_ANALYZER_NUMBER_OBJECT_CONVERSION = YES_AGGRESSIVE;
				CLANG_CXX_LANGUAGE_STANDARD = "gnu++14";
				CLANG_CXX_LIBRARY = "libc++";
				CLANG_ENABLE_MODULES = YES;
				CLANG_ENABLE_OBJC_ARC = YES;
				CLANG_ENABLE_OBJC_WEAK = YES;
				CLANG_WARN_BLOCK_CAPTURE_AUTORELEASING = YES;
				CLANG_WARN_BOOL_CONVERSION = YES;
				CLANG_WARN_COMMA = YES;
				CLANG_WARN_CONSTANT_CONVERSION = YES;
				CLANG_WARN_DEPRECATED_OBJC_IMPLEMENTATIONS = YES;
				CLANG_WARN_DIRECT_OBJC_ISA_USAGE = YES_ERROR;
				CLANG_WARN_DOCUMENTATION_COMMENTS = YES;
				CLANG_WARN_EMPTY_BODY = YES;
				CLANG_WARN_ENUM_CONVERSION = YES;
				CLANG_WARN_INFINITE_RECURSION = YES;
				CLANG_WARN_INT_CONVERSION = YES;
				CLANG_WARN_NON_LITERAL_NULL_CONVERSION = YES;
				CLANG_WARN_OBJC_IMPLICIT_RETAIN_SELF = YES;
				CLANG_WARN_OBJC_LITERAL_CONVERSION = YES;
				CLANG_WARN_OBJC_ROOT_CLASS = YES_ERROR;
				CLANG_WARN_RANGE_LOOP_ANALYSIS = YES;
				CLANG_WARN_STRICT_PROTOTYPES = YES;
				CLANG_WARN_SUSPICIOUS_MOVE = YES;
				CLANG_WARN_UNGUARDED_AVAILABILITY = YES_AGGRESSIVE;
				CLANG_WARN_UNREACHABLE_CODE = YES;
				CLANG_WARN__DUPLICATE_METHOD_MATCH = YES;
				CODE_SIGN_IDENTITY = "iPhone Developer";
				COPY_PHASE_STRIP = NO;
				DEBUG_INFORMATION_FORMAT = "dwarf-with-dsym";
				ENABLE_NS_ASSERTIONS = NO;
				ENABLE_STRICT_OBJC_MSGSEND = YES;
				GCC_C_LANGUAGE_STANDARD = gnu11;
				GCC_NO_COMMON_BLOCKS = YES;
				GCC_WARN_64_TO_32_BIT_CONVERSION = YES;
				GCC_WARN_ABOUT_RETURN_TYPE = YES_ERROR;
				GCC_WARN_UNDECLARED_SELECTOR = YES;
				GCC_WARN_UNINITIALIZED_AUTOS = YES_AGGRESSIVE;
				GCC_WARN_UNUSED_FUNCTION = YES;
				GCC_WARN_UNUSED_VARIABLE = YES;
				IPHONEOS_DEPLOYMENT_TARGET = 9.0;
				MTL_ENABLE_DEBUG_INFO = NO;
				SDKROOT = iphoneos;
				SWIFT_COMPILATION_MODE = wholemodule;
				SWIFT_OPTIMIZATION_LEVEL = "-O";
				VALIDATE_PRODUCT = YES;
			};
			name = Release;
		};
		354E45FA209A98B4004A9460 /* Debug */ = {
			isa = XCBuildConfiguration;
			baseConfigurationReference = DC213B9B3278F9D697C4687B /* Pods-BlankRealm.debug.xcconfig */;
			buildSettings = {
				ASSETCATALOG_COMPILER_APPICON_NAME = AppIcon;
				CODE_SIGN_STYLE = Automatic;
				DEVELOPMENT_TEAM = V5NZ3R8346;
				INFOPLIST_FILE = BlankRealm/Info.plist;
				LD_RUNPATH_SEARCH_PATHS = (
					"$(inherited)",
					"@executable_path/Frameworks",
				);
				PRODUCT_BUNDLE_IDENTIFIER = com.dq.BlankRealm;
				PRODUCT_NAME = "$(TARGET_NAME)";
				SWIFT_VERSION = 4.0;
				TARGETED_DEVICE_FAMILY = "1,2";
			};
			name = Debug;
		};
		354E45FB209A98B4004A9460 /* Release */ = {
			isa = XCBuildConfiguration;
			baseConfigurationReference = D8ED9E70EC53CC3C7499848D /* Pods-BlankRealm.release.xcconfig */;
			buildSettings = {
				ASSETCATALOG_COMPILER_APPICON_NAME = AppIcon;
				CODE_SIGN_STYLE = Automatic;
				DEVELOPMENT_TEAM = V5NZ3R8346;
				INFOPLIST_FILE = BlankRealm/Info.plist;
				LD_RUNPATH_SEARCH_PATHS = (
					"$(inherited)",
					"@executable_path/Frameworks",
				);
				PRODUCT_BUNDLE_IDENTIFIER = com.dq.BlankRealm;
				PRODUCT_NAME = "$(TARGET_NAME)";
				SWIFT_VERSION = 4.0;
				TARGETED_DEVICE_FAMILY = "1,2";
			};
			name = Release;
		};
/* End XCBuildConfiguration section */

/* Begin XCConfigurationList section */
		354E45E2209A98B3004A9460 /* Build configuration list for PBXProject "BlankRealm" */ = {
			isa = XCConfigurationList;
			buildConfigurations = (
				354E45F7209A98B4004A9460 /* Debug */,
				354E45F8209A98B4004A9460 /* Release */,
			);
			defaultConfigurationIsVisible = 0;
			defaultConfigurationName = Release;
		};
		354E45F9209A98B4004A9460 /* Build configuration list for PBXNativeTarget "BlankRealm" */ = {
			isa = XCConfigurationList;
			buildConfigurations = (
				354E45FA209A98B4004A9460 /* Debug */,
				354E45FB209A98B4004A9460 /* Release */,
			);
			defaultConfigurationIsVisible = 0;
			defaultConfigurationName = Release;
		};
/* End XCConfigurationList section */
	};
	rootObject = 354E45DF209A98B3004A9460 /* Project object */;
}
